version = 1
requires-python = "==3.12.*"

[[package]]
name = "colorama"
version = "0.4.6"
source = { registry = "https://pypi.org/simple" }
sdist = { url = "https://files.pythonhosted.org/packages/d8/53/6f443c9a4a8358a93a6792e2acffb9d9d5cb0a5cfd8802644b7b1c9a02e4/colorama-0.4.6.tar.gz", hash = "sha256:08695f5cb7ed6e0531a20572697297273c47b8cae5a63ffc6d6ed5c201be6e44", size = 27697 }
wheels = [
    { url = "https://files.pythonhosted.org/packages/d1/d6/3965ed04c63042e047cb6a3e6ed1a63a35087b6a609aa3a15ed8ac56c221/colorama-0.4.6-py2.py3-none-any.whl", hash = "sha256:4f1d9991f5acc0ca119f9d443620b77f9d6b33703e51011c16baf57afb285fc6", size = 25335 },
]

[[package]]
name = "loguru"
version = "0.7.2"
source = { registry = "https://pypi.org/simple" }
dependencies = [
    { name = "colorama", marker = "sys_platform == 'win32'" },
    { name = "win32-setctime", marker = "sys_platform == 'win32'" },
]
sdist = { url = "https://files.pythonhosted.org/packages/9e/30/d87a423766b24db416a46e9335b9602b054a72b96a88a241f2b09b560fa8/loguru-0.7.2.tar.gz", hash = "sha256:e671a53522515f34fd406340ee968cb9ecafbc4b36c679da03c18fd8d0bd51ac", size = 145103 }
wheels = [
    { url = "https://files.pythonhosted.org/packages/03/0a/4f6fed21aa246c6b49b561ca55facacc2a44b87d65b8b92362a8e99ba202/loguru-0.7.2-py3-none-any.whl", hash = "sha256:003d71e3d3ed35f0f8984898359d65b79e5b21943f78af86aa5491210429b8eb", size = 62549 },
]

[[package]]
name = "loremipsum"
version = "1.0.5"
source = { registry = "https://pypi.org/simple" }
sdist = { url = "https://files.pythonhosted.org/packages/55/8e/f75963c116c72bb81d2e22ec64ff3837e962cc89bae025ab60698dd83160/loremipsum-1.0.5.tar.gz", hash = "sha256:b849c69305c3f52badfe25ecc0495b991769d96cafdfd99014d17f50ee523af5", size = 11345 }

[[package]]
name = "setuptools"
version = "74.1.2"
source = { registry = "https://pypi.org/simple" }
sdist = { url = "https://files.pythonhosted.org/packages/3e/2c/f0a538a2f91ce633a78daaeb34cbfb93a54bd2132a6de1f6cec028eee6ef/setuptools-74.1.2.tar.gz", hash = "sha256:95b40ed940a1c67eb70fc099094bd6e99c6ee7c23aa2306f4d2697ba7916f9c6", size = 1356467 }
wheels = [
    { url = "https://files.pythonhosted.org/packages/cb/9c/9ad11ac06b97e55ada655f8a6bea9d1d3f06e120b178cd578d80e558191d/setuptools-74.1.2-py3-none-any.whl", hash = "sha256:5f4c08aa4d3ebcb57a50c33b1b07e94315d7fc7230f7115e47fc99776c8ce308", size = 1262071 },
]

[[package]]
name = "websockets"
version = "13.0.1"
source = { registry = "https://pypi.org/simple" }
sdist = { url = "https://files.pythonhosted.org/packages/8f/1c/78687e0267b09412409ac134f10fd14d14ac6475da892a8b09a02d0f6ae2/websockets-13.0.1.tar.gz", hash = "sha256:4d6ece65099411cfd9a48d13701d7438d9c34f479046b34c50ff60bb8834e43e", size = 149769 }
wheels = [
    { url = "https://files.pythonhosted.org/packages/4e/51/23ed2d239f1c3087c1431d41cfd159865df0bc35bb0c89973e3b6a0fff9b/websockets-13.0.1-cp312-cp312-macosx_10_9_universal2.whl", hash = "sha256:f9c9e258e3d5efe199ec23903f5da0eeaad58cf6fccb3547b74fd4750e5ac47a", size = 150953 },
    { url = "https://files.pythonhosted.org/packages/57/8d/814a7ef62b916b0f39108ad2e4d9b4cb0f8c640f8c30202fb63041598ada/websockets-13.0.1-cp312-cp312-macosx_10_9_x86_64.whl", hash = "sha256:6b41a1b3b561f1cba8321fb32987552a024a8f67f0d05f06fcf29f0090a1b956", size = 148610 },
    { url = "https://files.pythonhosted.org/packages/ad/8b/a378d21124011737e0e490a8a6ef778914b03e50c8d938de2f2170a20dbd/websockets-13.0.1-cp312-cp312-macosx_11_0_arm64.whl", hash = "sha256:f73e676a46b0fe9426612ce8caeca54c9073191a77c3e9d5c94697aef99296af", size = 148849 },
    { url = "https://files.pythonhosted.org/packages/46/d2/814a61226af313c1bc289cfe3a10f87bf426b6f2d9df0f927c47afab7612/websockets-13.0.1-cp312-cp312-manylinux_2_17_aarch64.manylinux2014_aarch64.whl", hash = "sha256:1f613289f4a94142f914aafad6c6c87903de78eae1e140fa769a7385fb232fdf", size = 158772 },
    { url = "https://files.pythonhosted.org/packages/a1/7e/5987299eb7e131216c9027b05a65f149cbc2bde7c582e694d9eed6ec3d40/websockets-13.0.1-cp312-cp312-manylinux_2_5_i686.manylinux1_i686.manylinux_2_17_i686.manylinux2014_i686.whl", hash = "sha256:0f52504023b1480d458adf496dc1c9e9811df4ba4752f0bc1f89ae92f4f07d0c", size = 157724 },
    { url = "https://files.pythonhosted.org/packages/94/6e/eaf95894042ba8a05a125fe8bcf9ee3572fef6edbcbf49478f4991c027cc/websockets-13.0.1-cp312-cp312-manylinux_2_5_x86_64.manylinux1_x86_64.manylinux_2_17_x86_64.manylinux2014_x86_64.whl", hash = "sha256:139add0f98206cb74109faf3611b7783ceafc928529c62b389917a037d4cfdf4", size = 158152 },
    { url = "https://files.pythonhosted.org/packages/ce/ba/a1315d569cc2dadaafda74a9cea16ab5d68142525937f1994442d969b306/websockets-13.0.1-cp312-cp312-musllinux_1_2_aarch64.whl", hash = "sha256:47236c13be337ef36546004ce8c5580f4b1150d9538b27bf8a5ad8edf23ccfab", size = 158442 },
    { url = "https://files.pythonhosted.org/packages/90/9b/59866695cfd05e785c90932fef3dae4682eb4e06e7076b7c53478f25faad/websockets-13.0.1-cp312-cp312-musllinux_1_2_i686.whl", hash = "sha256:c44ca9ade59b2e376612df34e837013e2b273e6c92d7ed6636d0556b6f4db93d", size = 157823 },
    { url = "https://files.pythonhosted.org/packages/9b/47/20af68a313b6453d2d094ccc497b7232e8475175d234e3e5bef5088521e5/websockets-13.0.1-cp312-cp312-musllinux_1_2_x86_64.whl", hash = "sha256:9bbc525f4be3e51b89b2a700f5746c2a6907d2e2ef4513a8daafc98198b92237", size = 157818 },
    { url = "https://files.pythonhosted.org/packages/f8/bb/60aaedc80e388e978617dda1ff38788780c6b0f6e462b85368cb934131a5/websockets-13.0.1-cp312-cp312-win32.whl", hash = "sha256:3624fd8664f2577cf8de996db3250662e259bfbc870dd8ebdcf5d7c6ac0b5185", size = 151785 },
    { url = "https://files.pythonhosted.org/packages/16/2e/e47692f569e1be2e66c1dbc5e85ea4d2cc93b80027fbafa28ae8b0dee52c/websockets-13.0.1-cp312-cp312-win_amd64.whl", hash = "sha256:0513c727fb8adffa6d9bf4a4463b2bade0186cbd8c3604ae5540fae18a90cb99", size = 152214 },
    { url = "https://files.pythonhosted.org/packages/46/37/d8ef4b68684d1fa368a5c64be466db07fc58b68163bc2496db2d4cc208ff/websockets-13.0.1-cp313-cp313-macosx_10_13_universal2.whl", hash = "sha256:1ee4cc030a4bdab482a37462dbf3ffb7e09334d01dd37d1063be1136a0d825fa", size = 150962 },
    { url = "https://files.pythonhosted.org/packages/95/49/78aeb3af08ec9887a9065e85cef9d7e199d6c6261fcd39eec087f3a62328/websockets-13.0.1-cp313-cp313-macosx_10_13_x86_64.whl", hash = "sha256:dbb0b697cc0655719522406c059eae233abaa3243821cfdfab1215d02ac10231", size = 148621 },
    { url = "https://files.pythonhosted.org/packages/31/0d/dc9b7cec8deaee452092a631ccda894bd7098859f71dd7639b4b5b9c615c/websockets-13.0.1-cp313-cp313-macosx_11_0_arm64.whl", hash = "sha256:acbebec8cb3d4df6e2488fbf34702cbc37fc39ac7abf9449392cefb3305562e9", size = 148853 },
    { url = "https://files.pythonhosted.org/packages/16/bf/734cbd815d7bc94cffe35c934f4e08b619bf3b47df1c6c7af21c1d35bcfe/websockets-13.0.1-cp313-cp313-manylinux_2_17_aarch64.manylinux2014_aarch64.whl", hash = "sha256:63848cdb6fcc0bf09d4a155464c46c64ffdb5807ede4fb251da2c2692559ce75", size = 158741 },
    { url = "https://files.pythonhosted.org/packages/af/9b/756f89b12fee8931785531a314e6f087b21774a7f8c60878e597c684f91b/websockets-13.0.1-cp313-cp313-manylinux_2_5_i686.manylinux1_i686.manylinux_2_17_i686.manylinux2014_i686.whl", hash = "sha256:872afa52a9f4c414d6955c365b6588bc4401272c629ff8321a55f44e3f62b553", size = 157690 },
    { url = "https://files.pythonhosted.org/packages/d3/37/31f97132d2262e666b797e250879ca833eab55115f88043b3952a2840eb8/websockets-13.0.1-cp313-cp313-manylinux_2_5_x86_64.manylinux1_x86_64.manylinux_2_17_x86_64.manylinux2014_x86_64.whl", hash = "sha256:05e70fec7c54aad4d71eae8e8cab50525e899791fc389ec6f77b95312e4e9920", size = 158132 },
    { url = "https://files.pythonhosted.org/packages/41/ce/59c8d44e148c002fec506a9527504fb4281676e2e75c2ee5a58180f1b99a/websockets-13.0.1-cp313-cp313-musllinux_1_2_aarch64.whl", hash = "sha256:e82db3756ccb66266504f5a3de05ac6b32f287faacff72462612120074103329", size = 158490 },
    { url = "https://files.pythonhosted.org/packages/1a/74/5b31ce0f318b902c0d70c031f8e1228ba1a4d95a46b2a24a2a5ac17f9cf0/websockets-13.0.1-cp313-cp313-musllinux_1_2_i686.whl", hash = "sha256:4e85f46ce287f5c52438bb3703d86162263afccf034a5ef13dbe4318e98d86e7", size = 157879 },
    { url = "https://files.pythonhosted.org/packages/0d/a7/6eac4f04177644bbc98deb98d11770cc7fbc216f6f67ab187c150540fd52/websockets-13.0.1-cp313-cp313-musllinux_1_2_x86_64.whl", hash = "sha256:f3fea72e4e6edb983908f0db373ae0732b275628901d909c382aae3b592589f2", size = 157873 },
    { url = "https://files.pythonhosted.org/packages/72/f6/b8b30a3b134dfdb4ccd1694befa48fddd43783957c988a1dab175732af33/websockets-13.0.1-cp313-cp313-win32.whl", hash = "sha256:254ecf35572fca01a9f789a1d0f543898e222f7b69ecd7d5381d8d8047627bdb", size = 151782 },
    { url = "https://files.pythonhosted.org/packages/3e/88/d94ccc006c69583168aa9dd73b3f1885c8931f2c676f4bdd8cbfae91c7b6/websockets-13.0.1-cp313-cp313-win_amd64.whl", hash = "sha256:ca48914cdd9f2ccd94deab5bcb5ac98025a5ddce98881e5cce762854a5de330b", size = 152212 },
    { url = "https://files.pythonhosted.org/packages/fd/bd/d34c4b7918453506d2149208b175368738148ffc4ba256d7fd8708956732/websockets-13.0.1-py3-none-any.whl", hash = "sha256:b80f0c51681c517604152eb6a572f5a9378f877763231fddb883ba2f968e8817", size = 145262 },
]

[[package]]
name = "websockets-demo"
version = "0.1.0"
source = { virtual = "." }
dependencies = [
    { name = "loguru" },
    { name = "loremipsum" },
    { name = "setuptools" },
    { name = "websockets" },
]

[package.metadata]
requires-dist = [
    { name = "loguru", specifier = ">=0.7.2" },
    { name = "loremipsum", specifier = ">=1.0.5" },
    { name = "setuptools", specifier = ">=74.1.2" },
    { name = "websockets", specifier = ">=13.0.1" },
]

[[package]]
name = "win32-setctime"
version = "1.1.0"
source = { registry = "https://pypi.org/simple" }
sdist = { url = "https://files.pythonhosted.org/packages/6b/dd/f95a13d2b235a28d613ba23ebad55191514550debb968b46aab99f2e3a30/win32_setctime-1.1.0.tar.gz", hash = "sha256:15cf5750465118d6929ae4de4eb46e8edae9a5634350c01ba582df868e932cb2", size = 3676 }
wheels = [
    { url = "https://files.pythonhosted.org/packages/0a/e6/a7d828fef907843b2a5773ebff47fb79ac0c1c88d60c0ca9530ee941e248/win32_setctime-1.1.0-py3-none-any.whl", hash = "sha256:231db239e959c2fe7eb1d7dc129f11172354f98361c4fa2d6d2d7e278baa8aad", size = 3604 },
]
